
Microsoft Visual Studio Solution File, Format Version 12.00
# Visual Studio Version 17
VisualStudioVersion = 17.1.32210.238
MinimumVisualStudioVersion = 10.0.40219.1
Project("{FAE04EC0-301F-11D3-BF4B-00C04F79EFBC}") = "Homework", "Homework\Homework.csproj", "{7D2CEF22-082F-4B4A-BC60-BDAD9808C8E7}"
EndProject
Project("{FAE04EC0-301F-11D3-BF4B-00C04F79EFBC}") = "MessageApp", "MessageApp\MessageApp.csproj", "{10FA7C04-7BBD-4D3A-A845-2F4DA31C1F19}"
EndProject
Global
	GlobalSection(SolutionConfigurationPlatforms) = preSolution
		Debug|Any CPU = Debug|Any CPU
		Release|Any CPU = Release|Any CPU
	EndGlobalSection
	GlobalSection(ProjectConfigurationPlatforms) = postSolution
		{7D2CEF22-082F-4B4A-BC60-BDAD9808C8E7}.Debug|Any CPU.ActiveCfg = Debug|Any CPU
		{7D2CEF22-082F-4B4A-BC60-BDAD9808C8E7}.Debug|Any CPU.Build.0 = Debug|Any CPU
		{7D2CEF22-082F-4B4A-BC60-BDAD9808C8E7}.Release|Any CPU.ActiveCfg = Release|Any CPU
		{7D2CEF22-082F-4B4A-BC60-BDAD9808C8E7}.Release|Any CPU.Build.0 = Release|Any CPU
		{10FA7C04-7BBD-4D3A-A845-2F4DA31C1F19}.Debug|Any CPU.ActiveCfg = Debug|Any CPU
		{10FA7C04-7BBD-4D3A-A845-2F4DA31C1F19}.Debug|Any CPU.Build.0 = Debug|Any CPU
		{10FA7C04-7BBD-4D3A-A845-2F4DA31C1F19}.Release|Any CPU.ActiveCfg = Release|Any CPU
		{10FA7C04-7BBD-4D3A-A845-2F4DA31C1F19}.Release|Any CPU.Build.0 = Release|Any CPU
	EndGlobalSection
	GlobalSection(SolutionProperties) = preSolution
		HideSolutionNode = FALSE
	EndGlobalSection
	GlobalSection(ExtensibilityGlobals) = postSolution
		SolutionGuid = {80236666-4B1C-4965-A776-005026F43929}
	EndGlobalSection
EndGlobal
